{"version":4,"terraform_version":"1.9.0","serial":2,"lineage":"1176cf80-ca4e-93ed-f85d-77a43c694c99","outputs":{},"resources":[{"mode":"managed","type":"aws_dynamodb_table","name":"this","provider":"provider[\"registry.opentofu.org/hashicorp/aws\"]","instances":[{"schema_version":1,"attributes":{"arn":"arn:aws:dynamodb:us-west-1:360466417573:table/devops-na-nuvem-remote-backend","attribute":[{"name":"LockID","type":"S"}],"billing_mode":"PAY_PER_REQUEST","deletion_protection_enabled":false,"global_secondary_index":[],"hash_key":"LockID","id":"devops-na-nuvem-remote-backend","import_table":[],"local_secondary_index":[],"name":"devops-na-nuvem-remote-backend","on_demand_throughput":[],"point_in_time_recovery":[{"enabled":false,"recovery_period_in_days":0}],"range_key":null,"read_capacity":0,"region":"us-west-1","replica":[],"restore_date_time":null,"restore_source_name":null,"restore_source_table_arn":null,"restore_to_latest_time":null,"server_side_encryption":[],"stream_arn":"","stream_enabled":false,"stream_label":"","stream_view_type":"","table_class":"STANDARD","tags":{},"tags_all":{"Environment":"dev","Project":"devops-na-nuvem"},"timeouts":null,"ttl":[{"attribute_name":"","enabled":false}],"warm_throughput":[],"write_capacity":0},"sensitive_attributes":[],"private":"eyJlMmJmYjczMC1lY2FhLTExZTYtOGY4OC0zNDM2M2JjN2M0YzAiOnsiY3JlYXRlIjoxODAwMDAwMDAwMDAwLCJkZWxldGUiOjYwMDAwMDAwMDAwMCwidXBkYXRlIjozNjAwMDAwMDAwMDAwfSwic2NoZW1hX3ZlcnNpb24iOiIxIn0="}]},{"mode":"managed","type":"aws_s3_bucket","name":"this","provider":"provider[\"registry.opentofu.org/hashicorp/aws\"]","instances":[{"schema_version":0,"attributes":{"acceleration_status":"","acl":null,"arn":"arn:aws:s3:::devops-na-nuvem-remote-backend-lhuckaz","bucket":"devops-na-nuvem-remote-backend-lhuckaz","bucket_domain_name":"devops-na-nuvem-remote-backend-lhuckaz.s3.amazonaws.com","bucket_prefix":"","bucket_region":"us-west-1","bucket_regional_domain_name":"devops-na-nuvem-remote-backend-lhuckaz.s3.us-west-1.amazonaws.com","cors_rule":[],"force_destroy":false,"grant":[{"id":"8005b11c8f0006307e333ad003846297fbdafc0c957451110a1a9356d82f197f","permissions":["FULL_CONTROL"],"type":"CanonicalUser","uri":""}],"hosted_zone_id":"Z2F56UZL2M1ACD","id":"devops-na-nuvem-remote-backend-lhuckaz","lifecycle_rule":[],"logging":[],"object_lock_configuration":[],"object_lock_enabled":false,"policy":"","region":"us-west-1","replication_configuration":[],"request_payer":"BucketOwner","server_side_encryption_configuration":[{"rule":[{"apply_server_side_encryption_by_default":[{"kms_master_key_id":"","sse_algorithm":"AES256"}],"bucket_key_enabled":false}]}],"tags":null,"tags_all":{"Environment":"dev","Project":"devops-na-nuvem"},"timeouts":null,"versioning":[{"enabled":false,"mfa_delete":false}],"website":[],"website_domain":null,"website_endpoint":null},"sensitive_attributes":[],"private":"eyJlMmJmYjczMC1lY2FhLTExZTYtOGY4OC0zNDM2M2JjN2M0YzAiOnsiY3JlYXRlIjoxMjAwMDAwMDAwMDAwLCJkZWxldGUiOjM2MDAwMDAwMDAwMDAsInJlYWQiOjEyMDAwMDAwMDAwMDAsInVwZGF0ZSI6MTIwMDAwMDAwMDAwMH19"}]},{"mode":"managed","type":"aws_s3_bucket_versioning","name":"this","provider":"provider[\"registry.opentofu.org/hashicorp/aws\"]","instances":[{"schema_version":0,"attributes":{"bucket":"devops-na-nuvem-remote-backend-lhuckaz","expected_bucket_owner":"","id":"devops-na-nuvem-remote-backend-lhuckaz","mfa":null,"region":"us-west-1","versioning_configuration":[{"mfa_delete":"","status":"Enabled"}]},"sensitive_attributes":[],"private":"bnVsbA==","dependencies":["aws_s3_bucket.this"]}]}],"check_results":null}
